
Microsoft Visual Studio Solution File, Format Version 12.00
# Visual Studio 15
VisualStudioVersion = 15.0.33026.149
MinimumVisualStudioVersion = 10.0.40219.1
Project("{FAE04EC0-301F-11D3-BF4B-00C04F79EFBC}") = "ArrayContainsOdd", "ArrayContainsOdd\ArrayContainsOdd.csproj", "{92BDCD61-AA42-4AA5-8B0D-8ADAAE5F994E}"
EndProject
Global
	GlobalSection(SolutionConfigurationPlatforms) = preSolution
		Debug|Any CPU = Debug|Any CPU
		Release|Any CPU = Release|Any CPU
	EndGlobalSection
	GlobalSection(ProjectConfigurationPlatforms) = postSolution
		{92BDCD61-AA42-4AA5-8B0D-8ADAAE5F994E}.Debug|Any CPU.ActiveCfg = Debug|Any CPU
		{92BDCD61-AA42-4AA5-8B0D-8ADAAE5F994E}.Debug|Any CPU.Build.0 = Debug|Any CPU
		{92BDCD61-AA42-4AA5-8B0D-8ADAAE5F994E}.Release|Any CPU.ActiveCfg = Release|Any CPU
		{92BDCD61-AA42-4AA5-8B0D-8ADAAE5F994E}.Release|Any CPU.Build.0 = Release|Any CPU
	EndGlobalSection
	GlobalSection(SolutionProperties) = preSolution
		HideSolutionNode = FALSE
	EndGlobalSection
	GlobalSection(ExtensibilityGlobals) = postSolution
		SolutionGuid = {B91CC6F9-AF36-489C-A7B2-936DB7C06AAE}
	EndGlobalSection
EndGlobal
