
Microsoft Visual Studio Solution File, Format Version 12.00
# Visual Studio 15
VisualStudioVersion = 15.0.33026.149
MinimumVisualStudioVersion = 10.0.40219.1
Project("{FAE04EC0-301F-11D3-BF4B-00C04F79EFBC}") = "GenerateUpdateTimestamp", "GenerateUpdateTimestamp\GenerateUpdateTimestamp.csproj", "{0DC1FCC2-1CEC-437F-9290-F0A9F39D1A12}"
EndProject
Global
	GlobalSection(SolutionConfigurationPlatforms) = preSolution
		Debug|Any CPU = Debug|Any CPU
		Release|Any CPU = Release|Any CPU
	EndGlobalSection
	GlobalSection(ProjectConfigurationPlatforms) = postSolution
		{0DC1FCC2-1CEC-437F-9290-F0A9F39D1A12}.Debug|Any CPU.ActiveCfg = Debug|Any CPU
		{0DC1FCC2-1CEC-437F-9290-F0A9F39D1A12}.Debug|Any CPU.Build.0 = Debug|Any CPU
		{0DC1FCC2-1CEC-437F-9290-F0A9F39D1A12}.Release|Any CPU.ActiveCfg = Release|Any CPU
		{0DC1FCC2-1CEC-437F-9290-F0A9F39D1A12}.Release|Any CPU.Build.0 = Release|Any CPU
	EndGlobalSection
	GlobalSection(SolutionProperties) = preSolution
		HideSolutionNode = FALSE
	EndGlobalSection
	GlobalSection(ExtensibilityGlobals) = postSolution
		SolutionGuid = {AA9ECFD5-D0F0-4DC0-B02D-CA7A73B9D3F1}
	EndGlobalSection
EndGlobal
