
Microsoft Visual Studio Solution File, Format Version 12.00
# Visual Studio 15
VisualStudioVersion = 15.0.33026.149
MinimumVisualStudioVersion = 10.0.40219.1
Project("{FAE04EC0-301F-11D3-BF4B-00C04F79EFBC}") = "AverageNumber", "AverageNumber\AverageNumber.csproj", "{7BFA5185-8F2C-48E9-B2F2-F2E621F10ACE}"
EndProject
Global
	GlobalSection(SolutionConfigurationPlatforms) = preSolution
		Debug|Any CPU = Debug|Any CPU
		Release|Any CPU = Release|Any CPU
	EndGlobalSection
	GlobalSection(ProjectConfigurationPlatforms) = postSolution
		{7BFA5185-8F2C-48E9-B2F2-F2E621F10ACE}.Debug|Any CPU.ActiveCfg = Debug|Any CPU
		{7BFA5185-8F2C-48E9-B2F2-F2E621F10ACE}.Debug|Any CPU.Build.0 = Debug|Any CPU
		{7BFA5185-8F2C-48E9-B2F2-F2E621F10ACE}.Release|Any CPU.ActiveCfg = Release|Any CPU
		{7BFA5185-8F2C-48E9-B2F2-F2E621F10ACE}.Release|Any CPU.Build.0 = Release|Any CPU
	EndGlobalSection
	GlobalSection(SolutionProperties) = preSolution
		HideSolutionNode = FALSE
	EndGlobalSection
	GlobalSection(ExtensibilityGlobals) = postSolution
		SolutionGuid = {59B91F83-F4DA-4133-9578-DFC5325B8E6E}
	EndGlobalSection
EndGlobal
