
Microsoft Visual Studio Solution File, Format Version 12.00
# Visual Studio 15
VisualStudioVersion = 15.0.33026.149
MinimumVisualStudioVersion = 10.0.40219.1
Project("{FAE04EC0-301F-11D3-BF4B-00C04F79EFBC}") = "SwapTwoNumbers", "SwapTwoNumbers\SwapTwoNumbers.csproj", "{B963893A-EA27-4C13-9A8D-8D73F2DD0DF7}"
EndProject
Global
	GlobalSection(SolutionConfigurationPlatforms) = preSolution
		Debug|Any CPU = Debug|Any CPU
		Release|Any CPU = Release|Any CPU
	EndGlobalSection
	GlobalSection(ProjectConfigurationPlatforms) = postSolution
		{B963893A-EA27-4C13-9A8D-8D73F2DD0DF7}.Debug|Any CPU.ActiveCfg = Debug|Any CPU
		{B963893A-EA27-4C13-9A8D-8D73F2DD0DF7}.Debug|Any CPU.Build.0 = Debug|Any CPU
		{B963893A-EA27-4C13-9A8D-8D73F2DD0DF7}.Release|Any CPU.ActiveCfg = Release|Any CPU
		{B963893A-EA27-4C13-9A8D-8D73F2DD0DF7}.Release|Any CPU.Build.0 = Release|Any CPU
	EndGlobalSection
	GlobalSection(SolutionProperties) = preSolution
		HideSolutionNode = FALSE
	EndGlobalSection
	GlobalSection(ExtensibilityGlobals) = postSolution
		SolutionGuid = {8E4BCC79-43E1-4A75-8A7E-9538FDD4F072}
	EndGlobalSection
EndGlobal
