
Microsoft Visual Studio Solution File, Format Version 12.00
# Visual Studio 15
VisualStudioVersion = 15.0.33026.149
MinimumVisualStudioVersion = 10.0.40219.1
Project("{FAE04EC0-301F-11D3-BF4B-00C04F79EFBC}") = "FactorialNumber", "FactorialNumber\FactorialNumber.csproj", "{46E8F334-E3C4-47D2-9AE0-864844EE85E6}"
EndProject
Global
	GlobalSection(SolutionConfigurationPlatforms) = preSolution
		Debug|Any CPU = Debug|Any CPU
		Release|Any CPU = Release|Any CPU
	EndGlobalSection
	GlobalSection(ProjectConfigurationPlatforms) = postSolution
		{46E8F334-E3C4-47D2-9AE0-864844EE85E6}.Debug|Any CPU.ActiveCfg = Debug|Any CPU
		{46E8F334-E3C4-47D2-9AE0-864844EE85E6}.Debug|Any CPU.Build.0 = Debug|Any CPU
		{46E8F334-E3C4-47D2-9AE0-864844EE85E6}.Release|Any CPU.ActiveCfg = Release|Any CPU
		{46E8F334-E3C4-47D2-9AE0-864844EE85E6}.Release|Any CPU.Build.0 = Release|Any CPU
	EndGlobalSection
	GlobalSection(SolutionProperties) = preSolution
		HideSolutionNode = FALSE
	EndGlobalSection
	GlobalSection(ExtensibilityGlobals) = postSolution
		SolutionGuid = {66BA9922-6534-412D-9776-DEAAF44790A5}
	EndGlobalSection
EndGlobal
