
Microsoft Visual Studio Solution File, Format Version 12.00
# Visual Studio 15
VisualStudioVersion = 15.0.33026.149
MinimumVisualStudioVersion = 10.0.40219.1
Project("{FAE04EC0-301F-11D3-BF4B-00C04F79EFBC}") = "ArmstrongNumber", "ArmstrongNumber\ArmstrongNumber.csproj", "{AA0CFA4B-3D9D-427B-8567-87A3B37E561B}"
EndProject
Global
	GlobalSection(SolutionConfigurationPlatforms) = preSolution
		Debug|Any CPU = Debug|Any CPU
		Release|Any CPU = Release|Any CPU
	EndGlobalSection
	GlobalSection(ProjectConfigurationPlatforms) = postSolution
		{AA0CFA4B-3D9D-427B-8567-87A3B37E561B}.Debug|Any CPU.ActiveCfg = Debug|Any CPU
		{AA0CFA4B-3D9D-427B-8567-87A3B37E561B}.Debug|Any CPU.Build.0 = Debug|Any CPU
		{AA0CFA4B-3D9D-427B-8567-87A3B37E561B}.Release|Any CPU.ActiveCfg = Release|Any CPU
		{AA0CFA4B-3D9D-427B-8567-87A3B37E561B}.Release|Any CPU.Build.0 = Release|Any CPU
	EndGlobalSection
	GlobalSection(SolutionProperties) = preSolution
		HideSolutionNode = FALSE
	EndGlobalSection
	GlobalSection(ExtensibilityGlobals) = postSolution
		SolutionGuid = {420E8F75-7EF9-4972-B23F-40C1908FB2E6}
	EndGlobalSection
EndGlobal
