
Microsoft Visual Studio Solution File, Format Version 12.00
# Visual Studio 15
VisualStudioVersion = 15.0.33026.149
MinimumVisualStudioVersion = 10.0.40219.1
Project("{FAE04EC0-301F-11D3-BF4B-00C04F79EFBC}") = "ConvertNumberIntoCharacters", "ConvertNumberIntoCharacters\ConvertNumberIntoCharacters.csproj", "{570ECCC3-AB2E-4B90-8CD4-16CBA47B63A8}"
EndProject
Global
	GlobalSection(SolutionConfigurationPlatforms) = preSolution
		Debug|Any CPU = Debug|Any CPU
		Release|Any CPU = Release|Any CPU
	EndGlobalSection
	GlobalSection(ProjectConfigurationPlatforms) = postSolution
		{570ECCC3-AB2E-4B90-8CD4-16CBA47B63A8}.Debug|Any CPU.ActiveCfg = Debug|Any CPU
		{570ECCC3-AB2E-4B90-8CD4-16CBA47B63A8}.Debug|Any CPU.Build.0 = Debug|Any CPU
		{570ECCC3-AB2E-4B90-8CD4-16CBA47B63A8}.Release|Any CPU.ActiveCfg = Release|Any CPU
		{570ECCC3-AB2E-4B90-8CD4-16CBA47B63A8}.Release|Any CPU.Build.0 = Release|Any CPU
	EndGlobalSection
	GlobalSection(SolutionProperties) = preSolution
		HideSolutionNode = FALSE
	EndGlobalSection
	GlobalSection(ExtensibilityGlobals) = postSolution
		SolutionGuid = {432E9236-34A3-4965-A2E2-8F9BF2B384A6}
	EndGlobalSection
EndGlobal
